{
  "originHash" : "4b0ba7e1c0dc60b377af8ab5afa81a900f79ddda80189ebbaacf4c8df02ef253",
  "pins" : [
    {
      "identity" : "ansi",
      "kind" : "remoteSourceControl",
      "location" : "https://github.com/leviouwendijk/ANSI.git",
      "state" : {
        "branch" : "master",
        "revision" : "073d9ca7870b688a312608acf14eae6ba052c0d6"
      }
    },
    {
      "identity" : "arguments",
      "kind" : "remoteSourceControl",
      "location" : "https://github.com/leviouwendijk/Arguments.git",
      "state" : {
        "branch" : "master",
        "revision" : "d4ea1ad418c54380fde04cefacf5d59fa90054ba"
      }
    },
    {
      "identity" : "difference",
      "kind" : "remoteSourceControl",
      "location" : "https://github.com/leviouwendijk/Difference.git",
      "state" : {
        "branch" : "master",
        "revision" : "7d295238c789f009fd720f3cf5ca8e730068c0c5"
      }
    },
    {
      "identity" : "dsl",
      "kind" : "remoteSourceControl",
      "location" : "https://github.com/leviouwendijk/DSL",
      "state" : {
        "branch" : "master",
        "revision" : "30ec6798f883b91f697d060bb001e0e4f7a09225"
      }
    },
    {
      "identity" : "executable",
      "kind" : "remoteSourceControl",
      "location" : "https://github.com/leviouwendijk/Executable.git",
      "state" : {
        "branch" : "master",
        "revision" : "43508a7d66ab9b28dc7cdabf403e458521a05a19"
      }
    },
    {
      "identity" : "filetypes",
      "kind" : "remoteSourceControl",
      "location" : "https://github.com/leviouwendijk/FileTypes.git",
      "state" : {
        "branch" : "master",
        "revision" : "f0c1d8bf5beda0de51c9e95b687fbdec9e4ce7b0"
      }
    },
    {
      "identity" : "indentation",
      "kind" : "remoteSourceControl",
      "location" : "https://github.com/leviouwendijk/Indentation.git",
      "state" : {
        "branch" : "master",
        "revision" : "8b85325433aa97ee19c9c77f564500be189978d6"
      }
    },
    {
      "identity" : "interfaces",
      "kind" : "remoteSourceControl",
      "location" : "https://github.com/leviouwendijk/Interfaces.git",
      "state" : {
        "branch" : "master",
        "revision" : "fda9413d72314fad16e2cd281effd946f12adb37"
      }
    },
    {
      "identity" : "io",
      "kind" : "remoteSourceControl",
      "location" : "https://github.com/leviouwendijk/IO.git",
      "state" : {
        "branch" : "master",
        "revision" : "cb8775249cb785f25ddee26caeae6c2db07eaa2e"
      }
    },
    {
      "identity" : "methods",
      "kind" : "remoteSourceControl",
      "location" : "https://github.com/leviouwendijk/Methods.git",
      "state" : {
        "branch" : "master",
        "revision" : "62656c2e32b7889df68415464b67b440f7e7e464"
      }
    },
    {
      "identity" : "parsing",
      "kind" : "remoteSourceControl",
      "location" : "https://github.com/leviouwendijk/Parsing.git",
      "state" : {
        "branch" : "master",
        "revision" : "b415cec83b0499158df5d0faeb760a2d4943d236"
      }
    },
    {
      "identity" : "path",
      "kind" : "remoteSourceControl",
      "location" : "https://github.com/leviouwendijk/Path.git",
      "state" : {
        "branch" : "master",
        "revision" : "95fefcdcb3b27fac6163cc998911fcc8a223ccf1"
      }
    },
    {
      "identity" : "plate",
      "kind" : "remoteSourceControl",
      "location" : "https://github.com/leviouwendijk/plate.git",
      "state" : {
        "branch" : "master",
        "revision" : "26a9ad356170c95f7db92d5d207d8850bf6af05b"
      }
    },
    {
      "identity" : "position",
      "kind" : "remoteSourceControl",
      "location" : "https://github.com/leviouwendijk/Position.git",
      "state" : {
        "branch" : "master",
        "revision" : "c80214283130c1bd4fc1c54dd5f3c574e3e4986c"
      }
    },
    {
      "identity" : "primitives",
      "kind" : "remoteSourceControl",
      "location" : "https://github.com/leviouwendijk/Primitives.git",
      "state" : {
        "branch" : "master",
        "revision" : "3b9e65785ecb8aa493c55893f61619b6967ce10d"
      }
    },
    {
      "identity" : "processes",
      "kind" : "remoteSourceControl",
      "location" : "https://github.com/leviouwendijk/Processes.git",
      "state" : {
        "branch" : "master",
        "revision" : "b505bf0b5f756ebb301346651e86df9346944cbd"
      }
    },
    {
      "identity" : "protocolcomponents",
      "kind" : "remoteSourceControl",
      "location" : "https://github.com/leviouwendijk/ProtocolComponents.git",
      "state" : {
        "branch" : "master",
        "revision" : "866ef7b22350aac41f455c5b2188f95f411a4507"
      }
    },
    {
      "identity" : "strings",
      "kind" : "remoteSourceControl",
      "location" : "https://github.com/leviouwendijk/Strings.git",
      "state" : {
        "branch" : "master",
        "revision" : "86a939d7bbb3e25808f88fbcedcee4069a5a5ae1"
      }
    },
    {
      "identity" : "swift-subprocess",
      "kind" : "remoteSourceControl",
      "location" : "https://github.com/swiftlang/swift-subprocess.git",
      "state" : {
        "revision" : "b3937ab85dd32f6e9435914599c1519074769c1a",
        "version" : "1.0.0"
      }
    },
    {
      "identity" : "swift-syntax",
      "kind" : "remoteSourceControl",
      "location" : "https://github.com/swiftlang/swift-syntax.git",
      "state" : {
        "revision" : "79e4b74a295b6eb74a8b585e3a39d29e70c1dbd1",
        "version" : "603.0.2"
      }
    },
    {
      "identity" : "swift-system",
      "kind" : "remoteSourceControl",
      "location" : "https://github.com/apple/swift-system.git",
      "state" : {
        "revision" : "869129b7bf4ecc57b97d0193ad29690ca2134750",
        "version" : "1.8.1"
      }
    },
    {
      "identity" : "terminal",
      "kind" : "remoteSourceControl",
      "location" : "https://github.com/leviouwendijk/Terminal.git",
      "state" : {
        "branch" : "master",
        "revision" : "ef6faf11fdedbc727f22f5a6c5e908caaed32459"
      }
    },
    {
      "identity" : "testflows",
      "kind" : "remoteSourceControl",
      "location" : "https://github.com/leviouwendijk/TestFlows.git",
      "state" : {
        "branch" : "master",
        "revision" : "ef72deb44f924372959189d0c258c5cf7e2ba8ae"
      }
    },
    {
      "identity" : "version",
      "kind" : "remoteSourceControl",
      "location" : "https://github.com/leviouwendijk/Version.git",
      "state" : {
        "branch" : "master",
        "revision" : "81653be386e8579c735b26e16583789b5da1bbf8"
      }
    }
  ],
  "version" : 3
}
